
Microsoft Visual Studio Solution File, Format Version 12.00
# Visual Studio Version 16
VisualStudioVersion = 16.0.810.22
MinimumVisualStudioVersion = 10.0.40219.1
Project("{FAE04EC0-301F-11D3-BF4B-00C04F79EFBC}") = "Pokedex.BlazorWASM", "Pokedex.BlazorWASM\Pokedex.BlazorWASM.csproj", "{A1733EAB-8F48-4BB0-A2A3-A898994F1C62}"
EndProject
Global
	GlobalSection(SolutionConfigurationPlatforms) = preSolution
		Debug|Any CPU = Debug|Any CPU
		Release|Any CPU = Release|Any CPU
	EndGlobalSection
	GlobalSection(ProjectConfigurationPlatforms) = postSolution
		{A1733EAB-8F48-4BB0-A2A3-A898994F1C62}.Debug|Any CPU.ActiveCfg = Debug|Any CPU
		{A1733EAB-8F48-4BB0-A2A3-A898994F1C62}.Debug|Any CPU.Build.0 = Debug|Any CPU
		{A1733EAB-8F48-4BB0-A2A3-A898994F1C62}.Release|Any CPU.ActiveCfg = Release|Any CPU
		{A1733EAB-8F48-4BB0-A2A3-A898994F1C62}.Release|Any CPU.Build.0 = Release|Any CPU
	EndGlobalSection
	GlobalSection(SolutionProperties) = preSolution
		HideSolutionNode = FALSE
	EndGlobalSection
	GlobalSection(ExtensibilityGlobals) = postSolution
		SolutionGuid = {9EFD3D04-7015-431C-8CC1-37493CF0D53E}
	EndGlobalSection
EndGlobal
